
Microsoft Visual Studio Solution File, Format Version 12.00
# Visual Studio Version 17
VisualStudioVersion = 17.2.32526.322
MinimumVisualStudioVersion = 10.0.40219.1
Project("{FAE04EC0-301F-11D3-BF4B-00C04F79EFBC}") = "PokemonApp", "PokemonApp\PokemonApp.csproj", "{853318D6-E048-45D3-AB53-183B9221B4C9}"
EndProject
Global
	GlobalSection(SolutionConfigurationPlatforms) = preSolution
		Debug|Any CPU = Debug|Any CPU
		Release|Any CPU = Release|Any CPU
	EndGlobalSection
	GlobalSection(ProjectConfigurationPlatforms) = postSolution
		{853318D6-E048-45D3-AB53-183B9221B4C9}.Debug|Any CPU.ActiveCfg = Debug|Any CPU
		{853318D6-E048-45D3-AB53-183B9221B4C9}.Debug|Any CPU.Build.0 = Debug|Any CPU
		{853318D6-E048-45D3-AB53-183B9221B4C9}.Release|Any CPU.ActiveCfg = Release|Any CPU
		{853318D6-E048-45D3-AB53-183B9221B4C9}.Release|Any CPU.Build.0 = Release|Any CPU
	EndGlobalSection
	GlobalSection(SolutionProperties) = preSolution
		HideSolutionNode = FALSE
	EndGlobalSection
	GlobalSection(ExtensibilityGlobals) = postSolution
		SolutionGuid = {3BE467D2-F44A-40FD-815C-FF54B1750058}
	EndGlobalSection
EndGlobal
